Microsoft Visual Studio Solution File, Format Version 11.00
# Visual Studio 2008

Project("{FB5CD5AE-517E-6E2E-7C39-153CF9D1EF6E}") = "Tutorial Android", "Assembly-CSharp.csproj", "{1F263E0B-12A0-CB92-9DEB-529C5B98890E}"
EndProject
Global
	GlobalSection(SolutionConfigurationPlatforms) = preSolution
		Debug|Any CPU = Debug|Any CPU
		Release|Any CPU = Release|Any CPU
	EndGlobalSection
	GlobalSection(ProjectConfigurationPlatforms) = postSolution
		{1F263E0B-12A0-CB92-9DEB-529C5B98890E}.Debug|Any CPU.ActiveCfg = Debug|Any CPU
		{1F263E0B-12A0-CB92-9DEB-529C5B98890E}.Debug|Any CPU.Build.0 = Debug|Any CPU
		{1F263E0B-12A0-CB92-9DEB-529C5B98890E}.Release|Any CPU.ActiveCfg = Release|Any CPU
		{1F263E0B-12A0-CB92-9DEB-529C5B98890E}.Release|Any CPU.Build.0 = Release|Any CPU
	EndGlobalSection
	GlobalSection(SolutionProperties) = preSolution
		HideSolutionNode = FALSE
	EndGlobalSection
	GlobalSection(MonoDevelopProperties) = preSolution
		StartupItem = Assembly-CSharp.csproj
	EndGlobalSection
EndGlobal
